
Microsoft Visual Studio Solution File, Format Version 12.00
# Visual Studio Version 17
VisualStudioVersion = 17.0.32112.339
MinimumVisualStudioVersion = 10.0.40219.1
Project("{FAE04EC0-301F-11D3-BF4B-00C04F79EFBC}") = "Task 1", "Task 1\Task 1.csproj", "{88D6F03E-412D-4619-9FAC-A643E888806E}"
EndProject
Project("{FAE04EC0-301F-11D3-BF4B-00C04F79EFBC}") = "Task 2", "Task 2\Task 2.csproj", "{13263A34-D813-471D-B8A0-7174907732A8}"
EndProject
Project("{FAE04EC0-301F-11D3-BF4B-00C04F79EFBC}") = "Task 3", "Task 3\Task 3.csproj", "{52AEFB37-5BCA-4050-B63C-477BF6C5B115}"
EndProject
Project("{FAE04EC0-301F-11D3-BF4B-00C04F79EFBC}") = "Task 4", "Task 4\Task 4.csproj", "{5F82EA15-96B6-4349-AD83-CBD520FB9A2F}"
EndProject
Global
	GlobalSection(SolutionConfigurationPlatforms) = preSolution
		Debug|Any CPU = Debug|Any CPU
		Release|Any CPU = Release|Any CPU
	EndGlobalSection
	GlobalSection(ProjectConfigurationPlatforms) = postSolution
		{88D6F03E-412D-4619-9FAC-A643E888806E}.Debug|Any CPU.ActiveCfg = Debug|Any CPU
		{88D6F03E-412D-4619-9FAC-A643E888806E}.Debug|Any CPU.Build.0 = Debug|Any CPU
		{88D6F03E-412D-4619-9FAC-A643E888806E}.Release|Any CPU.ActiveCfg = Release|Any CPU
		{88D6F03E-412D-4619-9FAC-A643E888806E}.Release|Any CPU.Build.0 = Release|Any CPU
		{13263A34-D813-471D-B8A0-7174907732A8}.Debug|Any CPU.ActiveCfg = Debug|Any CPU
		{13263A34-D813-471D-B8A0-7174907732A8}.Debug|Any CPU.Build.0 = Debug|Any CPU
		{13263A34-D813-471D-B8A0-7174907732A8}.Release|Any CPU.ActiveCfg = Release|Any CPU
		{13263A34-D813-471D-B8A0-7174907732A8}.Release|Any CPU.Build.0 = Release|Any CPU
		{52AEFB37-5BCA-4050-B63C-477BF6C5B115}.Debug|Any CPU.ActiveCfg = Debug|Any CPU
		{52AEFB37-5BCA-4050-B63C-477BF6C5B115}.Debug|Any CPU.Build.0 = Debug|Any CPU
		{52AEFB37-5BCA-4050-B63C-477BF6C5B115}.Release|Any CPU.ActiveCfg = Release|Any CPU
		{52AEFB37-5BCA-4050-B63C-477BF6C5B115}.Release|Any CPU.Build.0 = Release|Any CPU
		{5F82EA15-96B6-4349-AD83-CBD520FB9A2F}.Debug|Any CPU.ActiveCfg = Debug|Any CPU
		{5F82EA15-96B6-4349-AD83-CBD520FB9A2F}.Debug|Any CPU.Build.0 = Debug|Any CPU
		{5F82EA15-96B6-4349-AD83-CBD520FB9A2F}.Release|Any CPU.ActiveCfg = Release|Any CPU
		{5F82EA15-96B6-4349-AD83-CBD520FB9A2F}.Release|Any CPU.Build.0 = Release|Any CPU
	EndGlobalSection
	GlobalSection(SolutionProperties) = preSolution
		HideSolutionNode = FALSE
	EndGlobalSection
	GlobalSection(ExtensibilityGlobals) = postSolution
		SolutionGuid = {5634157F-9126-481E-A3F0-3F0046865A75}
	EndGlobalSection
EndGlobal
