
Microsoft Visual Studio Solution File, Format Version 12.00
# Visual Studio Version 17
VisualStudioVersion = 17.0.32112.339
MinimumVisualStudioVersion = 10.0.40219.1
Project("{FAE04EC0-301F-11D3-BF4B-00C04F79EFBC}") = "Task 6", "Task 6\Task 6.csproj", "{8CAC9A8F-2E36-445B-96AE-087513AB322C}"
EndProject
Global
	GlobalSection(SolutionConfigurationPlatforms) = preSolution
		Debug|Any CPU = Debug|Any CPU
		Release|Any CPU = Release|Any CPU
	EndGlobalSection
	GlobalSection(ProjectConfigurationPlatforms) = postSolution
		{8CAC9A8F-2E36-445B-96AE-087513AB322C}.Debug|Any CPU.ActiveCfg = Debug|Any CPU
		{8CAC9A8F-2E36-445B-96AE-087513AB322C}.Debug|Any CPU.Build.0 = Debug|Any CPU
		{8CAC9A8F-2E36-445B-96AE-087513AB322C}.Release|Any CPU.ActiveCfg = Release|Any CPU
		{8CAC9A8F-2E36-445B-96AE-087513AB322C}.Release|Any CPU.Build.0 = Release|Any CPU
	EndGlobalSection
	GlobalSection(SolutionProperties) = preSolution
		HideSolutionNode = FALSE
	EndGlobalSection
	GlobalSection(ExtensibilityGlobals) = postSolution
		SolutionGuid = {3C7EB8AA-826F-45D8-8EBD-C7BE47BCEFEB}
	EndGlobalSection
EndGlobal
