
Microsoft Visual Studio Solution File, Format Version 12.00
# Visual Studio Version 17
VisualStudioVersion = 17.0.32112.339
MinimumVisualStudioVersion = 10.0.40219.1
Project("{FAE04EC0-301F-11D3-BF4B-00C04F79EFBC}") = "Task 1", "Task 1\Task 1.csproj", "{495CA840-3B8A-491F-8B1C-BE2948F88BCA}"
EndProject
Global
	GlobalSection(SolutionConfigurationPlatforms) = preSolution
		Debug|Any CPU = Debug|Any CPU
		Release|Any CPU = Release|Any CPU
	EndGlobalSection
	GlobalSection(ProjectConfigurationPlatforms) = postSolution
		{495CA840-3B8A-491F-8B1C-BE2948F88BCA}.Debug|Any CPU.ActiveCfg = Debug|Any CPU
		{495CA840-3B8A-491F-8B1C-BE2948F88BCA}.Debug|Any CPU.Build.0 = Debug|Any CPU
		{495CA840-3B8A-491F-8B1C-BE2948F88BCA}.Release|Any CPU.ActiveCfg = Release|Any CPU
		{495CA840-3B8A-491F-8B1C-BE2948F88BCA}.Release|Any CPU.Build.0 = Release|Any CPU
	EndGlobalSection
	GlobalSection(SolutionProperties) = preSolution
		HideSolutionNode = FALSE
	EndGlobalSection
	GlobalSection(ExtensibilityGlobals) = postSolution
		SolutionGuid = {3A550972-1125-4270-B45F-D198567E007F}
	EndGlobalSection
EndGlobal
