
Microsoft Visual Studio Solution File, Format Version 12.00
# Visual Studio Version 17
VisualStudioVersion = 17.0.32112.339
MinimumVisualStudioVersion = 10.0.40219.1
Project("{FAE04EC0-301F-11D3-BF4B-00C04F79EFBC}") = "Task 1", "Task 1\Task 1.csproj", "{86C588E5-E4B0-4EF5-B713-AD5442133384}"
EndProject
Project("{2150E333-8FDC-42A3-9474-1A3956D46DE8}") = "Solution Items", "Solution Items", "{26700C01-1832-4F8D-ADB2-DC5D60927FF9}"
	ProjectSection(SolutionItems) = preProject
		.editorconfig = .editorconfig
	EndProjectSection
EndProject
Project("{FAE04EC0-301F-11D3-BF4B-00C04F79EFBC}") = "Task 2", "Task 2\Task 2.csproj", "{773932FD-07E6-4779-85B7-B410B40D559C}"
EndProject
Global
	GlobalSection(SolutionConfigurationPlatforms) = preSolution
		Debug|Any CPU = Debug|Any CPU
		Release|Any CPU = Release|Any CPU
	EndGlobalSection
	GlobalSection(ProjectConfigurationPlatforms) = postSolution
		{86C588E5-E4B0-4EF5-B713-AD5442133384}.Debug|Any CPU.ActiveCfg = Debug|Any CPU
		{86C588E5-E4B0-4EF5-B713-AD5442133384}.Debug|Any CPU.Build.0 = Debug|Any CPU
		{86C588E5-E4B0-4EF5-B713-AD5442133384}.Release|Any CPU.ActiveCfg = Release|Any CPU
		{86C588E5-E4B0-4EF5-B713-AD5442133384}.Release|Any CPU.Build.0 = Release|Any CPU
		{773932FD-07E6-4779-85B7-B410B40D559C}.Debug|Any CPU.ActiveCfg = Debug|Any CPU
		{773932FD-07E6-4779-85B7-B410B40D559C}.Debug|Any CPU.Build.0 = Debug|Any CPU
		{773932FD-07E6-4779-85B7-B410B40D559C}.Release|Any CPU.ActiveCfg = Release|Any CPU
		{773932FD-07E6-4779-85B7-B410B40D559C}.Release|Any CPU.Build.0 = Release|Any CPU
	EndGlobalSection
	GlobalSection(SolutionProperties) = preSolution
		HideSolutionNode = FALSE
	EndGlobalSection
	GlobalSection(ExtensibilityGlobals) = postSolution
		SolutionGuid = {B858F000-6E52-4163-BF6E-DF7FBD078402}
	EndGlobalSection
EndGlobal
