
Microsoft Visual Studio Solution File, Format Version 12.00
# Visual Studio Version 17
VisualStudioVersion = 17.0.32112.339
MinimumVisualStudioVersion = 10.0.40219.1
Project("{FAE04EC0-301F-11D3-BF4B-00C04F79EFBC}") = "Task 1", "Task 1\Task 1.csproj", "{1738771A-BCB4-4331-91EC-E3164BFB01DD}"
EndProject
Project("{FAE04EC0-301F-11D3-BF4B-00C04F79EFBC}") = "Task 2", "Task 2\Task 2.csproj", "{00FC033D-99D3-426B-892D-6D03F2F22FAA}"
EndProject
Global
	GlobalSection(SolutionConfigurationPlatforms) = preSolution
		Debug|Any CPU = Debug|Any CPU
		Release|Any CPU = Release|Any CPU
	EndGlobalSection
	GlobalSection(ProjectConfigurationPlatforms) = postSolution
		{1738771A-BCB4-4331-91EC-E3164BFB01DD}.Debug|Any CPU.ActiveCfg = Debug|Any CPU
		{1738771A-BCB4-4331-91EC-E3164BFB01DD}.Debug|Any CPU.Build.0 = Debug|Any CPU
		{1738771A-BCB4-4331-91EC-E3164BFB01DD}.Release|Any CPU.ActiveCfg = Release|Any CPU
		{1738771A-BCB4-4331-91EC-E3164BFB01DD}.Release|Any CPU.Build.0 = Release|Any CPU
		{00FC033D-99D3-426B-892D-6D03F2F22FAA}.Debug|Any CPU.ActiveCfg = Debug|Any CPU
		{00FC033D-99D3-426B-892D-6D03F2F22FAA}.Debug|Any CPU.Build.0 = Debug|Any CPU
		{00FC033D-99D3-426B-892D-6D03F2F22FAA}.Release|Any CPU.ActiveCfg = Release|Any CPU
		{00FC033D-99D3-426B-892D-6D03F2F22FAA}.Release|Any CPU.Build.0 = Release|Any CPU
	EndGlobalSection
	GlobalSection(SolutionProperties) = preSolution
		HideSolutionNode = FALSE
	EndGlobalSection
	GlobalSection(ExtensibilityGlobals) = postSolution
		SolutionGuid = {E70F09C9-9A4D-4144-96B4-9147B590ED38}
	EndGlobalSection
EndGlobal
